
Microsoft Visual Studio Solution File, Format Version 12.00
# Visual Studio Version 17
VisualStudioVersion = 17.0.31903.59
MinimumVisualStudioVersion = 10.0.40219.1
Project("{FAE04EC0-301F-11D3-BF4B-00C04F79EFBC}") = "EmailValidator", "EmailValidator\EmailValidator.csproj", "{13E728F7-75EB-4BF1-B1B1-F111A6DE4F3B}"
EndProject
Project("{FAE04EC0-301F-11D3-BF4B-00C04F79EFBC}") = "EmailValidator.Tests", "EmailValidator.Tests\EmailValidator.Tests.csproj", "{AD5EA8F4-F711-47B3-9EB6-986EC8467406}"
EndProject
Global
	GlobalSection(SolutionConfigurationPlatforms) = preSolution
		Debug|Any CPU = Debug|Any CPU
		Debug|x64 = Debug|x64
		Debug|x86 = Debug|x86
		Release|Any CPU = Release|Any CPU
		Release|x64 = Release|x64
		Release|x86 = Release|x86
	EndGlobalSection
	GlobalSection(ProjectConfigurationPlatforms) = postSolution
		{13E728F7-75EB-4BF1-B1B1-F111A6DE4F3B}.Debug|Any CPU.ActiveCfg = Debug|Any CPU
		{13E728F7-75EB-4BF1-B1B1-F111A6DE4F3B}.Debug|Any CPU.Build.0 = Debug|Any CPU
		{13E728F7-75EB-4BF1-B1B1-F111A6DE4F3B}.Debug|x64.ActiveCfg = Debug|Any CPU
		{13E728F7-75EB-4BF1-B1B1-F111A6DE4F3B}.Debug|x64.Build.0 = Debug|Any CPU
		{13E728F7-75EB-4BF1-B1B1-F111A6DE4F3B}.Debug|x86.ActiveCfg = Debug|Any CPU
		{13E728F7-75EB-4BF1-B1B1-F111A6DE4F3B}.Debug|x86.Build.0 = Debug|Any CPU
		{13E728F7-75EB-4BF1-B1B1-F111A6DE4F3B}.Release|Any CPU.ActiveCfg = Release|Any CPU
		{13E728F7-75EB-4BF1-B1B1-F111A6DE4F3B}.Release|Any CPU.Build.0 = Release|Any CPU
		{13E728F7-75EB-4BF1-B1B1-F111A6DE4F3B}.Release|x64.ActiveCfg = Release|Any CPU
		{13E728F7-75EB-4BF1-B1B1-F111A6DE4F3B}.Release|x64.Build.0 = Release|Any CPU
		{13E728F7-75EB-4BF1-B1B1-F111A6DE4F3B}.Release|x86.ActiveCfg = Release|Any CPU
		{13E728F7-75EB-4BF1-B1B1-F111A6DE4F3B}.Release|x86.Build.0 = Release|Any CPU
		{AD5EA8F4-F711-47B3-9EB6-986EC8467406}.Debug|Any CPU.ActiveCfg = Debug|Any CPU
		{AD5EA8F4-F711-47B3-9EB6-986EC8467406}.Debug|Any CPU.Build.0 = Debug|Any CPU
		{AD5EA8F4-F711-47B3-9EB6-986EC8467406}.Debug|x64.ActiveCfg = Debug|Any CPU
		{AD5EA8F4-F711-47B3-9EB6-986EC8467406}.Debug|x64.Build.0 = Debug|Any CPU
		{AD5EA8F4-F711-47B3-9EB6-986EC8467406}.Debug|x86.ActiveCfg = Debug|Any CPU
		{AD5EA8F4-F711-47B3-9EB6-986EC8467406}.Debug|x86.Build.0 = Debug|Any CPU
		{AD5EA8F4-F711-47B3-9EB6-986EC8467406}.Release|Any CPU.ActiveCfg = Release|Any CPU
		{AD5EA8F4-F711-47B3-9EB6-986EC8467406}.Release|Any CPU.Build.0 = Release|Any CPU
		{AD5EA8F4-F711-47B3-9EB6-986EC8467406}.Release|x64.ActiveCfg = Release|Any CPU
		{AD5EA8F4-F711-47B3-9EB6-986EC8467406}.Release|x64.Build.0 = Release|Any CPU
		{AD5EA8F4-F711-47B3-9EB6-986EC8467406}.Release|x86.ActiveCfg = Release|Any CPU
		{AD5EA8F4-F711-47B3-9EB6-986EC8467406}.Release|x86.Build.0 = Release|Any CPU
	EndGlobalSection
	GlobalSection(SolutionProperties) = preSolution
		HideSolutionNode = FALSE
	EndGlobalSection
EndGlobal
